
Microsoft Visual Studio Solution File, Format Version 12.00
# Visual Studio 15
VisualStudioVersion = 15.0.26730.3
MinimumVisualStudioVersion = 10.0.40219.1
Project("{FAE04EC0-301F-11D3-BF4B-00C04F79EFBC}") = "ATtuing.Common", "ATtuing.Common\ATtuing.Common.csproj", "{733B128B-A14E-48D4-B110-D86806DC09C5}"
EndProject
Project("{FAE04EC0-301F-11D3-BF4B-00C04F79EFBC}") = "ATtuing.BackWeb", "ATtuing.BackWeb\ATtuing.BackWeb.csproj", "{587B7D78-D38E-41FE-A3CA-E6FED52F11AE}"
EndProject
Project("{FAE04EC0-301F-11D3-BF4B-00C04F79EFBC}") = "ATtuing.UnitTest", "ATtuing.UnitTest\ATtuing.UnitTest.csproj", "{72989E80-38D5-4DD0-B2AC-CC53082EF170}"
EndProject
Project("{FAE04EC0-301F-11D3-BF4B-00C04F79EFBC}") = "ATtuing.CommonMVC", "ATtuing.CommonMVC\ATtuing.CommonMVC.csproj", "{FF4919BA-C21A-4C26-A3DA-1309BFFB85F6}"
EndProject
Project("{FAE04EC0-301F-11D3-BF4B-00C04F79EFBC}") = "ATtuing.Service", "ATtuing.Service\ATtuing.Service.csproj", "{A3C46900-A077-44E7-9A2B-C308C0E60444}"
EndProject
Project("{FAE04EC0-301F-11D3-BF4B-00C04F79EFBC}") = "ATtuing.Dto", "ATtuing.Dto\ATtuing.Dto.csproj", "{45C42BC5-49DE-40E4-9BF9-3D476A3D78FE}"
EndProject
Project("{FAE04EC0-301F-11D3-BF4B-00C04F79EFBC}") = "ATtuing.IService", "ATtuing.IService\ATtuing.IService.csproj", "{1E907F8B-261E-4E6E-A1EF-D59EA95E8F42}"
EndProject
Global
	GlobalSection(SolutionConfigurationPlatforms) = preSolution
		Debug|Any CPU = Debug|Any CPU
		Release|Any CPU = Release|Any CPU
	EndGlobalSection
	GlobalSection(ProjectConfigurationPlatforms) = postSolution
		{733B128B-A14E-48D4-B110-D86806DC09C5}.Debug|Any CPU.ActiveCfg = Debug|Any CPU
		{733B128B-A14E-48D4-B110-D86806DC09C5}.Debug|Any CPU.Build.0 = Debug|Any CPU
		{733B128B-A14E-48D4-B110-D86806DC09C5}.Release|Any CPU.ActiveCfg = Release|Any CPU
		{733B128B-A14E-48D4-B110-D86806DC09C5}.Release|Any CPU.Build.0 = Release|Any CPU
		{587B7D78-D38E-41FE-A3CA-E6FED52F11AE}.Debug|Any CPU.ActiveCfg = Debug|Any CPU
		{587B7D78-D38E-41FE-A3CA-E6FED52F11AE}.Debug|Any CPU.Build.0 = Debug|Any CPU
		{587B7D78-D38E-41FE-A3CA-E6FED52F11AE}.Release|Any CPU.ActiveCfg = Release|Any CPU
		{587B7D78-D38E-41FE-A3CA-E6FED52F11AE}.Release|Any CPU.Build.0 = Release|Any CPU
		{72989E80-38D5-4DD0-B2AC-CC53082EF170}.Debug|Any CPU.ActiveCfg = Debug|Any CPU
		{72989E80-38D5-4DD0-B2AC-CC53082EF170}.Debug|Any CPU.Build.0 = Debug|Any CPU
		{72989E80-38D5-4DD0-B2AC-CC53082EF170}.Release|Any CPU.ActiveCfg = Release|Any CPU
		{72989E80-38D5-4DD0-B2AC-CC53082EF170}.Release|Any CPU.Build.0 = Release|Any CPU
		{FF4919BA-C21A-4C26-A3DA-1309BFFB85F6}.Debug|Any CPU.ActiveCfg = Debug|Any CPU
		{FF4919BA-C21A-4C26-A3DA-1309BFFB85F6}.Debug|Any CPU.Build.0 = Debug|Any CPU
		{FF4919BA-C21A-4C26-A3DA-1309BFFB85F6}.Release|Any CPU.ActiveCfg = Release|Any CPU
		{FF4919BA-C21A-4C26-A3DA-1309BFFB85F6}.Release|Any CPU.Build.0 = Release|Any CPU
		{A3C46900-A077-44E7-9A2B-C308C0E60444}.Debug|Any CPU.ActiveCfg = Debug|Any CPU
		{A3C46900-A077-44E7-9A2B-C308C0E60444}.Debug|Any CPU.Build.0 = Debug|Any CPU
		{A3C46900-A077-44E7-9A2B-C308C0E60444}.Release|Any CPU.ActiveCfg = Release|Any CPU
		{A3C46900-A077-44E7-9A2B-C308C0E60444}.Release|Any CPU.Build.0 = Release|Any CPU
		{45C42BC5-49DE-40E4-9BF9-3D476A3D78FE}.Debug|Any CPU.ActiveCfg = Debug|Any CPU
		{45C42BC5-49DE-40E4-9BF9-3D476A3D78FE}.Debug|Any CPU.Build.0 = Debug|Any CPU
		{45C42BC5-49DE-40E4-9BF9-3D476A3D78FE}.Release|Any CPU.ActiveCfg = Release|Any CPU
		{45C42BC5-49DE-40E4-9BF9-3D476A3D78FE}.Release|Any CPU.Build.0 = Release|Any CPU
		{1E907F8B-261E-4E6E-A1EF-D59EA95E8F42}.Debug|Any CPU.ActiveCfg = Debug|Any CPU
		{1E907F8B-261E-4E6E-A1EF-D59EA95E8F42}.Debug|Any CPU.Build.0 = Debug|Any CPU
		{1E907F8B-261E-4E6E-A1EF-D59EA95E8F42}.Release|Any CPU.ActiveCfg = Release|Any CPU
		{1E907F8B-261E-4E6E-A1EF-D59EA95E8F42}.Release|Any CPU.Build.0 = Release|Any CPU
	EndGlobalSection
	GlobalSection(SolutionProperties) = preSolution
		HideSolutionNode = FALSE
	EndGlobalSection
	GlobalSection(ExtensibilityGlobals) = postSolution
		SolutionGuid = {59EC0FE8-8734-48AA-B3A6-0DF8A8DC2604}
	EndGlobalSection
EndGlobal
